dependencies:
- name: cert-manager
  repository: https://charts.jetstack.io
  version: v1.6.1
- name: ingress-nginx
  repository: https://kubernetes.github.io/ingress-nginx
  version: 4.0.13
- name: kafka
  repository: https://charts.bitnami.com/bitnami
  version: 14.9.3
- name: minio
  repository: https://charts.bitnami.com/bitnami
  version: 11.3.5
- name: postgresql
  repository: https://raw.githubusercontent.com/bitnami/charts/pre-2022/bitnami
  version: 8.6.1
- name: redis
  repository: https://charts.bitnami.com/bitnami
  version: 16.8.9
- name: zookeeper
  repository: https://raw.githubusercontent.com/bitnami/charts/pre-2022/bitnami
  version: 7.0.5
- name: grafana
  repository: https://grafana.github.io/helm-charts
  version: 6.29.11
- name: loki
  repository: https://grafana.github.io/helm-charts
  version: 2.10.2
- name: promtail
  repository: https://grafana.github.io/helm-charts
  version: 4.2.0
- name: prometheus
  repository: https://prometheus-community.github.io/helm-charts
  version: 15.10.4
- name: prometheus-kafka-exporter
  repository: https://prometheus-community.github.io/helm-charts
  version: 1.5.0
- name: prometheus-postgres-exporter
  repository: https://prometheus-community.github.io/helm-charts
  version: 2.5.0
- name: prometheus-redis-exporter
  repository: https://prometheus-community.github.io/helm-charts
  version: 4.6.0
- name: prometheus-statsd-exporter
  repository: https://prometheus-community.github.io/helm-charts
  version: 0.3.1
digest: sha256:1e82b46cf63275f98103bb4069abe9ec834d29ffd4fb4f613243bb3e72f354ab
generated: "2022-07-13T17:50:49.223187+02:00"
