dependencies:
- name: cert-manager
  repository: https://charts.jetstack.io
  version: v1.6.1
- name: ingress-nginx
  repository: https://kubernetes.github.io/ingress-nginx
  version: 4.0.13
- name: kafka
  repository: https://charts.bitnami.com/bitnami
  version: 14.9.3
- name: minio
  repository: https://charts.bitnami.com/bitnami
  version: 11.3.5
- name: postgresql
  repository: https://raw.githubusercontent.com/bitnami/charts/pre-2022/bitnami
  version: 8.6.1
- name: redis
  repository: https://charts.bitnami.com/bitnami
  version: 16.8.9
- name: zookeeper
  repository: https://raw.githubusercontent.com/bitnami/charts/pre-2022/bitnami
  version: 7.0.5
- name: grafana
  repository: https://grafana.github.io/helm-charts
  version: 6.40.0
- name: loki
  repository: https://grafana.github.io/helm-charts
  version: 3.3.4
- name: promtail
  repository: https://grafana.github.io/helm-charts
  version: 6.6.2
- name: prometheus
  repository: https://prometheus-community.github.io/helm-charts
  version: 15.10.4
- name: prometheus-kafka-exporter
  repository: https://prometheus-community.github.io/helm-charts
  version: 1.6.0
- name: prometheus-postgres-exporter
  repository: https://prometheus-community.github.io/helm-charts
  version: 2.5.0
- name: prometheus-redis-exporter
  repository: https://prometheus-community.github.io/helm-charts
  version: 4.6.0
- name: prometheus-statsd-exporter
  repository: https://prometheus-community.github.io/helm-charts
  version: 0.3.1
digest: sha256:2cfffe0d2d6df0b3c43983b18ecd517ba71ff31bab91901037b51d64dee74eb0
generated: "2022-11-15T10:43:43.316599+01:00"
