dependencies:
- name: postgresql
  repository: https://charts.bitnami.com/bitnami
  version: 8.6.1
- name: redis
  repository: https://charts.bitnami.com/bitnami
  version: 9.3.2
- name: kafka
  repository: https://charts.bitnami.com/bitnami
  version: 12.6.0
- name: cert-manager
  repository: https://charts.jetstack.io
  version: v1.1.0
digest: sha256:0eb5d9c30ea3812ded7252d97c23a70204173412927da20979bcd2129da44664
generated: "2021-01-25T16:39:58.402913-08:00"
